{
  "name": "backend",
  "lockfileVersion": 3,
  "requires": true,
  "packages": {
    "": {
      "dependencies": {
        "lightweight-charts": "^5.0.3"
      }
    },
    "node_modules/fancy-canvas": {
      "version": "2.1.0",
      "resolved": "https://registry.npmjs.org/fancy-canvas/-/fancy-canvas-2.1.0.tgz",
      "integrity": "sha512-nifxXJ95JNLFR2NgRV4/MxVP45G9909wJTEKz5fg/TZS20JJZA6hfgRVh/bC9bwl2zBtBNcYPjiBE4njQHVBwQ=="
    },
    "node_modules/lightweight-charts": {
      "version": "5.0.3",
      "resolved": "https://registry.npmjs.org/lightweight-charts/-/lightweight-charts-5.0.3.tgz",
      "integrity": "sha512-/ve4wbdwAJqaexZ07HZ1bb36ZeI03ZEcqd2ttAXAcbX7/csbPqueBZmF2/jF0dPsWNvelUP9qzDR//o9625OqQ==",
      "dependencies": {
        "fancy-canvas": "2.1.0"
      }
    }
  }
}
